
Microsoft Visual Studio Solution File, Format Version 12.00
# Visual Studio Version 17
VisualStudioVersion = 17.10.35122.118
MinimumVisualStudioVersion = 10.0.40219.1
Project("{FAE04EC0-301F-11D3-BF4B-00C04F79EFBC}") = "Project", "Project\Project.csproj", "{3B799F4B-765B-43AE-A3FA-7E2D990D1D73}"
EndProject
Global
	GlobalSection(SolutionConfigurationPlatforms) = preSolution
		Debug|Any CPU = Debug|Any CPU
		Release|Any CPU = Release|Any CPU
	EndGlobalSection
	GlobalSection(ProjectConfigurationPlatforms) = postSolution
		{3B799F4B-765B-43AE-A3FA-7E2D990D1D73}.Debug|Any CPU.ActiveCfg = Debug|Any CPU
		{3B799F4B-765B-43AE-A3FA-7E2D990D1D73}.Debug|Any CPU.Build.0 = Debug|Any CPU
		{3B799F4B-765B-43AE-A3FA-7E2D990D1D73}.Release|Any CPU.ActiveCfg = Release|Any CPU
		{3B799F4B-765B-43AE-A3FA-7E2D990D1D73}.Release|Any CPU.Build.0 = Release|Any CPU
	EndGlobalSection
	GlobalSection(SolutionProperties) = preSolution
		HideSolutionNode = FALSE
	EndGlobalSection
	GlobalSection(ExtensibilityGlobals) = postSolution
		SolutionGuid = {7B20A648-E54B-4498-9FA3-22D433BB7EF1}
	EndGlobalSection
EndGlobal
